
Microsoft Visual Studio Solution File, Format Version 12.00
# Visual Studio Version 17
VisualStudioVersion = 17.14.36327.8 d17.14
MinimumVisualStudioVersion = 10.0.40219.1
Project("{FAE04EC0-301F-11D3-BF4B-00C04F79EFBC}") = "videoCall", "videoCall.csproj", "{2EB1DE76-7E73-40F8-9938-F942CD5A5467}"
EndProject
Global
	GlobalSection(SolutionConfigurationPlatforms) = preSolution
		Debug|Any CPU = Debug|Any CPU
		Release|Any CPU = Release|Any CPU
	EndGlobalSection
	GlobalSection(ProjectConfigurationPlatforms) = postSolution
		{2EB1DE76-7E73-40F8-9938-F942CD5A5467}.Debug|Any CPU.ActiveCfg = Debug|Any CPU
		{2EB1DE76-7E73-40F8-9938-F942CD5A5467}.Debug|Any CPU.Build.0 = Debug|Any CPU
		{2EB1DE76-7E73-40F8-9938-F942CD5A5467}.Release|Any CPU.ActiveCfg = Release|Any CPU
		{2EB1DE76-7E73-40F8-9938-F942CD5A5467}.Release|Any CPU.Build.0 = Release|Any CPU
	EndGlobalSection
	GlobalSection(SolutionProperties) = preSolution
		HideSolutionNode = FALSE
	EndGlobalSection
	GlobalSection(ExtensibilityGlobals) = postSolution
		SolutionGuid = {516FDC75-47A2-4990-8B62-4C1995FDB9F7}
	EndGlobalSection
EndGlobal
