
Microsoft Visual Studio Solution File, Format Version 12.00
# Visual Studio Version 17
VisualStudioVersion = 17.14.36327.8 d17.14
MinimumVisualStudioVersion = 10.0.40219.1
Project("{FAE04EC0-301F-11D3-BF4B-00C04F79EFBC}") = "Class_Task", "Class_Task.csproj", "{567FEDE7-1CE5-4E0B-8B5C-349273BF1276}"
EndProject
Global
	GlobalSection(SolutionConfigurationPlatforms) = preSolution
		Debug|Any CPU = Debug|Any CPU
		Release|Any CPU = Release|Any CPU
	EndGlobalSection
	GlobalSection(ProjectConfigurationPlatforms) = postSolution
		{567FEDE7-1CE5-4E0B-8B5C-349273BF1276}.Debug|Any CPU.ActiveCfg = Debug|Any CPU
		{567FEDE7-1CE5-4E0B-8B5C-349273BF1276}.Debug|Any CPU.Build.0 = Debug|Any CPU
		{567FEDE7-1CE5-4E0B-8B5C-349273BF1276}.Release|Any CPU.ActiveCfg = Release|Any CPU
		{567FEDE7-1CE5-4E0B-8B5C-349273BF1276}.Release|Any CPU.Build.0 = Release|Any CPU
	EndGlobalSection
	GlobalSection(SolutionProperties) = preSolution
		HideSolutionNode = FALSE
	EndGlobalSection
	GlobalSection(ExtensibilityGlobals) = postSolution
		SolutionGuid = {79F2A8FE-A1BD-47D3-8D3B-AEAB03039152}
	EndGlobalSection
EndGlobal
